
Microsoft Visual Studio Solution File, Format Version 12.00
# Visual Studio Version 17
VisualStudioVersion = 17.1.32228.430
MinimumVisualStudioVersion = 10.0.40219.1
Project("{FAE04EC0-301F-11D3-BF4B-00C04F79EFBC}") = "OverloadingMethod", "OverloadingMethod\OverloadingMethod.csproj", "{8389F08F-2820-4A7A-A0D5-84B1D11F0016}"
EndProject
Global
	GlobalSection(SolutionConfigurationPlatforms) = preSolution
		Debug|Any CPU = Debug|Any CPU
		Release|Any CPU = Release|Any CPU
	EndGlobalSection
	GlobalSection(ProjectConfigurationPlatforms) = postSolution
		{8389F08F-2820-4A7A-A0D5-84B1D11F0016}.Debug|Any CPU.ActiveCfg = Debug|Any CPU
		{8389F08F-2820-4A7A-A0D5-84B1D11F0016}.Debug|Any CPU.Build.0 = Debug|Any CPU
		{8389F08F-2820-4A7A-A0D5-84B1D11F0016}.Release|Any CPU.ActiveCfg = Release|Any CPU
		{8389F08F-2820-4A7A-A0D5-84B1D11F0016}.Release|Any CPU.Build.0 = Release|Any CPU
	EndGlobalSection
	GlobalSection(SolutionProperties) = preSolution
		HideSolutionNode = FALSE
	EndGlobalSection
	GlobalSection(ExtensibilityGlobals) = postSolution
		SolutionGuid = {CEFBE3A4-2B44-4768-A5FE-509C1A2A2714}
	EndGlobalSection
EndGlobal
